<?xml version="1.0" encoding="utf-8"?>
<Project ToolsVersion="4.0" xmlns="http://schemas.microsoft.com/developer/msbuild/2003">
  <ItemGroup>
    <ClCompile Include="src\ofApp.cpp">
      <Filter>src</Filter>
    </ClCompile>
    <ClCompile Include="src\main.cpp">
      <Filter>src</Filter>
    </ClCompile>
    <ClCompile Include="AISystem.cpp">
      <Filter>src</Filter>
    </ClCompile>
    <ClCompile Include="Kinematic.cpp">
      <Filter>src</Filter>
    </ClCompile>
    <ClCompile Include="KinemSeek.cpp">
      <Filter>src</Filter>
    </ClCompile>
  </ItemGroup>
  <ItemGroup>
    <Filter Include="src">
      <UniqueIdentifier>{d8376475-7454-4a24-b08a-aac121d3ad6f}</UniqueIdentifier>
    </Filter>
    <Filter Include="addons">
      <UniqueIdentifier>{974ac789-1e2b-40e1-b808-15845dd9bb66}</UniqueIdentifier>
    </Filter>
    <Filter Include="src\Movements">
      <UniqueIdentifier>{4b1a2229-dac9-4e62-9fc6-efb5556d5215}</UniqueIdentifier>
    </Filter>
    <Filter Include="src\PathFinding">
      <UniqueIdentifier>{2c91d3f8-53ce-4425-b9d7-d2b6c31b18d0}</UniqueIdentifier>
    </Filter>
  </ItemGroup>
  <ItemGroup>
    <ClInclude Include="src\ofApp.h">
      <Filter>src</Filter>
    </ClInclude>
    <ClInclude Include="AISystem.h">
      <Filter>src</Filter>
    </ClInclude>
    <ClInclude Include="Algorithms.h">
      <Filter>src</Filter>
    </ClInclude>
    <ClInclude Include="DataStructures.h">
      <Filter>src</Filter>
    </ClInclude>
    <ClInclude Include="Kinematic.h">
      <Filter>src</Filter>
    </ClInclude>
    <ClInclude Include="KinemSeek.h">
      <Filter>src</Filter>
    </ClInclude>
    <ClInclude Include="Tools.h">
      <Filter>src</Filter>
    </ClInclude>
  </ItemGroup>
  <ItemGroup>
    <ResourceCompile Include="icon.rc" />
  </ItemGroup>
</Project>